
Microsoft Visual Studio Solution File, Format Version 12.00
# Visual Studio Version 16
VisualStudioVersion = 16.0.28803.352
MinimumVisualStudioVersion = 10.0.40219.1
Project("{FAE04EC0-301F-11D3-BF4B-00C04F79EFBC}") = "Roman Numerals Parte I", "Roman Numerals Parte I\Roman Numerals Parte I.csproj", "{CF46C11B-A74A-4119-A126-BACB7ABE4B37}"
EndProject
Global
	GlobalSection(SolutionConfigurationPlatforms) = preSolution
		Debug|Any CPU = Debug|Any CPU
		Release|Any CPU = Release|Any CPU
	EndGlobalSection
	GlobalSection(ProjectConfigurationPlatforms) = postSolution
		{CF46C11B-A74A-4119-A126-BACB7ABE4B37}.Debug|Any CPU.ActiveCfg = Debug|Any CPU
		{CF46C11B-A74A-4119-A126-BACB7ABE4B37}.Debug|Any CPU.Build.0 = Debug|Any CPU
		{CF46C11B-A74A-4119-A126-BACB7ABE4B37}.Release|Any CPU.ActiveCfg = Release|Any CPU
		{CF46C11B-A74A-4119-A126-BACB7ABE4B37}.Release|Any CPU.Build.0 = Release|Any CPU
	EndGlobalSection
	GlobalSection(SolutionProperties) = preSolution
		HideSolutionNode = FALSE
	EndGlobalSection
	GlobalSection(ExtensibilityGlobals) = postSolution
		SolutionGuid = {9AD494F6-23E5-4458-B01A-62614430FFD4}
	EndGlobalSection
EndGlobal
